{
  "object": {
    "pins": [
      {
        "package": "HDXLAlgebraicUtilities",
        "repositoryURL": "https://github.com/plx/HDXLAlgebraicUtilities",
        "state": {
          "branch": null,
          "revision": "4f984d0c1141ca13518d1ec4acd6cb749176d9df",
          "version": "0.0.4"
        }
      },
      {
        "package": "HDXLCommonUtilities",
        "repositoryURL": "https://github.com/plx/HDXLCommonUtilities",
        "state": {
          "branch": null,
          "revision": "b36b0c9c9b066ff460ac7fb72c9f81f262706bd3",
          "version": "0.0.40"
        }
      },
      {
        "package": "HDXLInterpolation",
        "repositoryURL": "https://github.com/plx/HDXLInterpolation",
        "state": {
          "branch": null,
          "revision": "1db4c03ddd2249f6b27f99c5225ba5e41f61d0fc",
          "version": "0.0.5"
        }
      },
      {
        "package": "HDXLSIMDSupport",
        "repositoryURL": "https://github.com/plx/HDXLSIMDSupport",
        "state": {
          "branch": null,
          "revision": "83e51b88cd0582c78ed8b7ab63a9d1a7c3f34cf8",
          "version": "0.0.15"
        }
      },
      {
        "package": "HDXLTestingUtilities",
        "repositoryURL": "https://github.com/plx/HDXLTestingUtilities",
        "state": {
          "branch": null,
          "revision": "a0f5e62f5952e4d3a12c392e5496e8889f9333d6",
          "version": "0.0.6"
        }
      },
      {
        "package": "swift-numerics",
        "repositoryURL": "https://github.com/apple/swift-numerics",
        "state": {
          "branch": null,
          "revision": "5dfc460876510988560170cee3702ab01b89587a",
          "version": "0.0.5"
        }
      }
    ]
  },
  "version": 1
}
